
Microsoft Visual Studio Solution File, Format Version 12.00
# Visual Studio Version 16
VisualStudioVersion = 16.0.29519.181
MinimumVisualStudioVersion = 10.0.40219.1
Project("{FAE04EC0-301F-11D3-BF4B-00C04F79EFBC}") = "QualityTest", "QualityTest\QualityTest.csproj", "{2FFC4F78-C698-4B80-87BE-FA28874E0B14}"
EndProject
Global
	GlobalSection(SolutionConfigurationPlatforms) = preSolution
		Debug|Any CPU = Debug|Any CPU
		Release|Any CPU = Release|Any CPU
	EndGlobalSection
	GlobalSection(ProjectConfigurationPlatforms) = postSolution
		{2FFC4F78-C698-4B80-87BE-FA28874E0B14}.Debug|Any CPU.ActiveCfg = Debug|Any CPU
		{2FFC4F78-C698-4B80-87BE-FA28874E0B14}.Debug|Any CPU.Build.0 = Debug|Any CPU
		{2FFC4F78-C698-4B80-87BE-FA28874E0B14}.Release|Any CPU.ActiveCfg = Release|Any CPU
		{2FFC4F78-C698-4B80-87BE-FA28874E0B14}.Release|Any CPU.Build.0 = Release|Any CPU
	EndGlobalSection
	GlobalSection(SolutionProperties) = preSolution
		HideSolutionNode = FALSE
	EndGlobalSection
	GlobalSection(ExtensibilityGlobals) = postSolution
		SolutionGuid = {E30B75C7-5FCF-480D-8A19-4E522574DA12}
	EndGlobalSection
EndGlobal
